
Microsoft Visual Studio Solution File, Format Version 12.00
# Visual Studio Version 17
VisualStudioVersion = 17.1.32210.238
MinimumVisualStudioVersion = 10.0.40219.1
Project("{9A19103F-16F7-4668-BE54-9A1E7A4F7556}") = "AgileBoard.Api", "src\AgileBoard.Api\AgileBoard.Api.csproj", "{C40048D8-B0A4-4FF3-983E-6F3FBCC1355F}"
EndProject
Project("{9A19103F-16F7-4668-BE54-9A1E7A4F7556}") = "AgileBoard.Api.Tests.Unit", "test\AgileBoard.Api.Tests.Unit\AgileBoard.Api.Tests.Unit.csproj", "{28901954-B121-4C6C-AF24-9583B31F664A}"
EndProject
Project("{2150E333-8FDC-42A3-9474-1A3956D46DE8}") = "src", "src", "{BE8EC9FE-AE4C-4163-98B6-7B0BEC775F70}"
EndProject
Project("{2150E333-8FDC-42A3-9474-1A3956D46DE8}") = "test", "test", "{F2D9FC0F-3DF0-414C-B458-AA2B200568D4}"
EndProject
Global
	GlobalSection(SolutionConfigurationPlatforms) = preSolution
		Debug|Any CPU = Debug|Any CPU
		Release|Any CPU = Release|Any CPU
	EndGlobalSection
	GlobalSection(ProjectConfigurationPlatforms) = postSolution
		{C40048D8-B0A4-4FF3-983E-6F3FBCC1355F}.Debug|Any CPU.ActiveCfg = Debug|Any CPU
		{C40048D8-B0A4-4FF3-983E-6F3FBCC1355F}.Debug|Any CPU.Build.0 = Debug|Any CPU
		{C40048D8-B0A4-4FF3-983E-6F3FBCC1355F}.Release|Any CPU.ActiveCfg = Release|Any CPU
		{C40048D8-B0A4-4FF3-983E-6F3FBCC1355F}.Release|Any CPU.Build.0 = Release|Any CPU
		{28901954-B121-4C6C-AF24-9583B31F664A}.Debug|Any CPU.ActiveCfg = Debug|Any CPU
		{28901954-B121-4C6C-AF24-9583B31F664A}.Debug|Any CPU.Build.0 = Debug|Any CPU
		{28901954-B121-4C6C-AF24-9583B31F664A}.Release|Any CPU.ActiveCfg = Release|Any CPU
		{28901954-B121-4C6C-AF24-9583B31F664A}.Release|Any CPU.Build.0 = Release|Any CPU
	EndGlobalSection
	GlobalSection(SolutionProperties) = preSolution
		HideSolutionNode = FALSE
	EndGlobalSection
	GlobalSection(NestedProjects) = preSolution
		{C40048D8-B0A4-4FF3-983E-6F3FBCC1355F} = {BE8EC9FE-AE4C-4163-98B6-7B0BEC775F70}
		{28901954-B121-4C6C-AF24-9583B31F664A} = {F2D9FC0F-3DF0-414C-B458-AA2B200568D4}
	EndGlobalSection
	GlobalSection(ExtensibilityGlobals) = postSolution
		SolutionGuid = {6E65FBBF-E921-4166-8664-BD75B7212CCD}
	EndGlobalSection
EndGlobal
